
Microsoft Visual Studio Solution File, Format Version 12.00
# Visual Studio Version 17
VisualStudioVersion = 17.9.34728.123
MinimumVisualStudioVersion = 10.0.40219.1
Project("{9A19103F-16F7-4668-BE54-9A1E7A4F7556}") = "Capsulation", "Capsulation\Capsulation.csproj", "{E2184036-B8E0-48FE-8CA1-335F912EE0D2}"
EndProject
Project("{9A19103F-16F7-4668-BE54-9A1E7A4F7556}") = "Practice", "Practice\Practice.csproj", "{76C6290B-EEFA-4ADA-83FD-44720294D458}"
EndProject
Project("{9A19103F-16F7-4668-BE54-9A1E7A4F7556}") = "Practice2", "Practice2\Practice2.csproj", "{E0A21FDB-25DE-418D-A316-CB6F329F6300}"
EndProject
Project("{9A19103F-16F7-4668-BE54-9A1E7A4F7556}") = "Practice3", "Practice3\Practice3.csproj", "{789F701E-E5D6-4C95-BA8C-AFA596D86801}"
EndProject
Project("{9A19103F-16F7-4668-BE54-9A1E7A4F7556}") = "Inheritance", "Inheritance\Inheritance.csproj", "{742AE728-D8BD-422E-996A-609CE72ABFCE}"
EndProject
Project("{9A19103F-16F7-4668-BE54-9A1E7A4F7556}") = "GameEngineFramework", "GameEngineFramework\GameEngineFramework.csproj", "{3AF5B30B-9298-4B79-9071-AF9CD059C848}"
EndProject
Project("{FAE04EC0-301F-11D3-BF4B-00C04F79EFBC}") = "FireStationProgram", "FireStationProgram\FireStationProgram.csproj", "{CE2ADDF8-0E9D-4D91-ABE6-53C68842784F}"
EndProject
Global
	GlobalSection(SolutionConfigurationPlatforms) = preSolution
		Debug|Any CPU = Debug|Any CPU
		Release|Any CPU = Release|Any CPU
	EndGlobalSection
	GlobalSection(ProjectConfigurationPlatforms) = postSolution
		{E2184036-B8E0-48FE-8CA1-335F912EE0D2}.Debug|Any CPU.ActiveCfg = Debug|Any CPU
		{E2184036-B8E0-48FE-8CA1-335F912EE0D2}.Debug|Any CPU.Build.0 = Debug|Any CPU
		{E2184036-B8E0-48FE-8CA1-335F912EE0D2}.Release|Any CPU.ActiveCfg = Release|Any CPU
		{E2184036-B8E0-48FE-8CA1-335F912EE0D2}.Release|Any CPU.Build.0 = Release|Any CPU
		{76C6290B-EEFA-4ADA-83FD-44720294D458}.Debug|Any CPU.ActiveCfg = Debug|Any CPU
		{76C6290B-EEFA-4ADA-83FD-44720294D458}.Debug|Any CPU.Build.0 = Debug|Any CPU
		{76C6290B-EEFA-4ADA-83FD-44720294D458}.Release|Any CPU.ActiveCfg = Release|Any CPU
		{76C6290B-EEFA-4ADA-83FD-44720294D458}.Release|Any CPU.Build.0 = Release|Any CPU
		{E0A21FDB-25DE-418D-A316-CB6F329F6300}.Debug|Any CPU.ActiveCfg = Debug|Any CPU
		{E0A21FDB-25DE-418D-A316-CB6F329F6300}.Debug|Any CPU.Build.0 = Debug|Any CPU
		{E0A21FDB-25DE-418D-A316-CB6F329F6300}.Release|Any CPU.ActiveCfg = Release|Any CPU
		{E0A21FDB-25DE-418D-A316-CB6F329F6300}.Release|Any CPU.Build.0 = Release|Any CPU
		{789F701E-E5D6-4C95-BA8C-AFA596D86801}.Debug|Any CPU.ActiveCfg = Debug|Any CPU
		{789F701E-E5D6-4C95-BA8C-AFA596D86801}.Debug|Any CPU.Build.0 = Debug|Any CPU
		{789F701E-E5D6-4C95-BA8C-AFA596D86801}.Release|Any CPU.ActiveCfg = Release|Any CPU
		{789F701E-E5D6-4C95-BA8C-AFA596D86801}.Release|Any CPU.Build.0 = Release|Any CPU
		{742AE728-D8BD-422E-996A-609CE72ABFCE}.Debug|Any CPU.ActiveCfg = Debug|Any CPU
		{742AE728-D8BD-422E-996A-609CE72ABFCE}.Debug|Any CPU.Build.0 = Debug|Any CPU
		{742AE728-D8BD-422E-996A-609CE72ABFCE}.Release|Any CPU.ActiveCfg = Release|Any CPU
		{742AE728-D8BD-422E-996A-609CE72ABFCE}.Release|Any CPU.Build.0 = Release|Any CPU
		{3AF5B30B-9298-4B79-9071-AF9CD059C848}.Debug|Any CPU.ActiveCfg = Debug|Any CPU
		{3AF5B30B-9298-4B79-9071-AF9CD059C848}.Debug|Any CPU.Build.0 = Debug|Any CPU
		{3AF5B30B-9298-4B79-9071-AF9CD059C848}.Release|Any CPU.ActiveCfg = Release|Any CPU
		{3AF5B30B-9298-4B79-9071-AF9CD059C848}.Release|Any CPU.Build.0 = Release|Any CPU
		{CE2ADDF8-0E9D-4D91-ABE6-53C68842784F}.Debug|Any CPU.ActiveCfg = Debug|Any CPU
		{CE2ADDF8-0E9D-4D91-ABE6-53C68842784F}.Debug|Any CPU.Build.0 = Debug|Any CPU
		{CE2ADDF8-0E9D-4D91-ABE6-53C68842784F}.Release|Any CPU.ActiveCfg = Release|Any CPU
		{CE2ADDF8-0E9D-4D91-ABE6-53C68842784F}.Release|Any CPU.Build.0 = Release|Any CPU
	EndGlobalSection
	GlobalSection(SolutionProperties) = preSolution
		HideSolutionNode = FALSE
	EndGlobalSection
	GlobalSection(ExtensibilityGlobals) = postSolution
		SolutionGuid = {C2F619E0-5793-428E-B3E9-0902306FE59A}
	EndGlobalSection
EndGlobal
